
Microsoft Visual Studio Solution File, Format Version 12.00
# Visual Studio Version 17
VisualStudioVersion = 17.4.33110.190
MinimumVisualStudioVersion = 10.0.40219.1
Project("{FAE04EC0-301F-11D3-BF4B-00C04F79EFBC}") = "Video App", "Video App\Video App.csproj", "{E8AC701F-3F13-42CE-8127-8851C2F498F6}"
EndProject
Global
	GlobalSection(SolutionConfigurationPlatforms) = preSolution
		Debug|Any CPU = Debug|Any CPU
		Release|Any CPU = Release|Any CPU
	EndGlobalSection
	GlobalSection(ProjectConfigurationPlatforms) = postSolution
		{E8AC701F-3F13-42CE-8127-8851C2F498F6}.Debug|Any CPU.ActiveCfg = Debug|Any CPU
		{E8AC701F-3F13-42CE-8127-8851C2F498F6}.Debug|Any CPU.Build.0 = Debug|Any CPU
		{E8AC701F-3F13-42CE-8127-8851C2F498F6}.Release|Any CPU.ActiveCfg = Release|Any CPU
		{E8AC701F-3F13-42CE-8127-8851C2F498F6}.Release|Any CPU.Build.0 = Release|Any CPU
	EndGlobalSection
	GlobalSection(SolutionProperties) = preSolution
		HideSolutionNode = FALSE
	EndGlobalSection
	GlobalSection(ExtensibilityGlobals) = postSolution
		SolutionGuid = {81604271-E789-474B-A638-B3B6C98C5472}
	EndGlobalSection
EndGlobal
